
Microsoft Visual Studio Solution File, Format Version 12.00
# Visual Studio 15
VisualStudioVersion = 15.0.28010.2046
MinimumVisualStudioVersion = 10.0.40219.1
Project("{8BC9CEB8-8B4A-11D0-8D11-00A0C91BC942}") = "sandbox", "sandbox\sandbox.vcxproj", "{FA2CECB7-B0B6-4160-9C54-372C05AFBA47}"
EndProject
Project("{8BC9CEB8-8B4A-11D0-8D11-00A0C91BC942}") = "hazel", "hazel\hazel.vcxproj", "{85174559-B4DF-4BCD-A491-75EF985E2C7C}"
EndProject
Global
	GlobalSection(SolutionConfigurationPlatforms) = preSolution
		Debug|x64 = Debug|x64
		Release|x64 = Release|x64
	EndGlobalSection
	GlobalSection(ProjectConfigurationPlatforms) = postSolution
		{85174559-B4DF-4BCD-A491-75EF985E2C7C}.Debug|x64.ActiveCfg = Debug|x64
		{85174559-B4DF-4BCD-A491-75EF985E2C7C}.Debug|x64.Build.0 = Debug|x64
		{85174559-B4DF-4BCD-A491-75EF985E2C7C}.Release|x64.ActiveCfg = Release|x64
		{85174559-B4DF-4BCD-A491-75EF985E2C7C}.Release|x64.Build.0 = Release|x64
		{FA2CECB7-B0B6-4160-9C54-372C05AFBA47}.Debug|x64.ActiveCfg = Debug|x64
		{FA2CECB7-B0B6-4160-9C54-372C05AFBA47}.Debug|x64.Build.0 = Debug|x64
		{FA2CECB7-B0B6-4160-9C54-372C05AFBA47}.Release|x64.ActiveCfg = Release|x64
		{FA2CECB7-B0B6-4160-9C54-372C05AFBA47}.Release|x64.Build.0 = Release|x64
	EndGlobalSection
	GlobalSection(SolutionProperties) = preSolution
		HideSolutionNode = FALSE
	EndGlobalSection
	GlobalSection(ExtensibilityGlobals) = postSolution
		SolutionGuid = {EEA7403F-ED29-4E65-A073-FA7CF43E5DD4}
	EndGlobalSection
EndGlobal
